
Microsoft Visual Studio Solution File, Format Version 12.00
# Visual Studio Version 16
VisualStudioVersion = 16.0.29418.71
MinimumVisualStudioVersion = 10.0.40219.1
Project("{FAE04EC0-301F-11D3-BF4B-00C04F79EFBC}") = "LotteryLoopRandom-MunaShabab", "LotteryLoopRandom-MunaShabab.csproj", "{1B407D5D-1BC7-4F2C-91C9-2DB0F6764833}"
EndProject
Global
	GlobalSection(SolutionConfigurationPlatforms) = preSolution
		Debug|Any CPU = Debug|Any CPU
		Release|Any CPU = Release|Any CPU
	EndGlobalSection
	GlobalSection(ProjectConfigurationPlatforms) = postSolution
		{1B407D5D-1BC7-4F2C-91C9-2DB0F6764833}.Debug|Any CPU.ActiveCfg = Debug|Any CPU
		{1B407D5D-1BC7-4F2C-91C9-2DB0F6764833}.Debug|Any CPU.Build.0 = Debug|Any CPU
		{1B407D5D-1BC7-4F2C-91C9-2DB0F6764833}.Release|Any CPU.ActiveCfg = Release|Any CPU
		{1B407D5D-1BC7-4F2C-91C9-2DB0F6764833}.Release|Any CPU.Build.0 = Release|Any CPU
	EndGlobalSection
	GlobalSection(SolutionProperties) = preSolution
		HideSolutionNode = FALSE
	EndGlobalSection
	GlobalSection(ExtensibilityGlobals) = postSolution
		SolutionGuid = {8BF68EC9-95DC-4889-A985-09F96672C47B}
	EndGlobalSection
EndGlobal
